
Microsoft Visual Studio Solution File, Format Version 12.00
# Visual Studio Version 16
VisualStudioVersion = 16.0.31410.357
MinimumVisualStudioVersion = 10.0.40219.1
Project("{FAE04EC0-301F-11D3-BF4B-00C04F79EFBC}") = "Resistella.WEB", "Resistella.WEB\Resistella.WEB.csproj", "{2DCE1F9F-AA09-4B0A-BBB2-769FB6E2E63C}"
EndProject
Global
	GlobalSection(SolutionConfigurationPlatforms) = preSolution
		Debug|Any CPU = Debug|Any CPU
		Release|Any CPU = Release|Any CPU
	EndGlobalSection
	GlobalSection(ProjectConfigurationPlatforms) = postSolution
		{2DCE1F9F-AA09-4B0A-BBB2-769FB6E2E63C}.Debug|Any CPU.ActiveCfg = Debug|Any CPU
		{2DCE1F9F-AA09-4B0A-BBB2-769FB6E2E63C}.Debug|Any CPU.Build.0 = Debug|Any CPU
		{2DCE1F9F-AA09-4B0A-BBB2-769FB6E2E63C}.Release|Any CPU.ActiveCfg = Release|Any CPU
		{2DCE1F9F-AA09-4B0A-BBB2-769FB6E2E63C}.Release|Any CPU.Build.0 = Release|Any CPU
	EndGlobalSection
	GlobalSection(SolutionProperties) = preSolution
		HideSolutionNode = FALSE
	EndGlobalSection
	GlobalSection(ExtensibilityGlobals) = postSolution
		SolutionGuid = {654549C2-DC8D-4CFF-8D53-05DE2BF5FACA}
	EndGlobalSection
EndGlobal
